
Microsoft Visual Studio Solution File, Format Version 12.00
# Visual Studio Version 17
VisualStudioVersion = 17.7.34031.279
MinimumVisualStudioVersion = 10.0.40219.1
Project("{FAE04EC0-301F-11D3-BF4B-00C04F79EFBC}") = "Arrays", "Arrays\Arrays.csproj", "{845F8501-C7A3-4910-A4B7-8E7483A6C431}"
EndProject
Global
	GlobalSection(SolutionConfigurationPlatforms) = preSolution
		Debug|Any CPU = Debug|Any CPU
		Release|Any CPU = Release|Any CPU
	EndGlobalSection
	GlobalSection(ProjectConfigurationPlatforms) = postSolution
		{845F8501-C7A3-4910-A4B7-8E7483A6C431}.Debug|Any CPU.ActiveCfg = Debug|Any CPU
		{845F8501-C7A3-4910-A4B7-8E7483A6C431}.Debug|Any CPU.Build.0 = Debug|Any CPU
		{845F8501-C7A3-4910-A4B7-8E7483A6C431}.Release|Any CPU.ActiveCfg = Release|Any CPU
		{845F8501-C7A3-4910-A4B7-8E7483A6C431}.Release|Any CPU.Build.0 = Release|Any CPU
	EndGlobalSection
	GlobalSection(SolutionProperties) = preSolution
		HideSolutionNode = FALSE
	EndGlobalSection
	GlobalSection(ExtensibilityGlobals) = postSolution
		SolutionGuid = {3B2E7EBF-3046-4466-85BE-ACCDC011B6ED}
	EndGlobalSection
EndGlobal
